PODS:
  - LCActionSheet (3.5.1):
    - Masonry (~> 1.1.0)
  - Masonry (1.1.0)
  - Reveal-SDK (20)

DEPENDENCIES:
  - LCActionSheet (from `../`)
  - Reveal-SDK

SPEC REPOS:
  https://github.com/cocoapods/specs.git:
    - Masonry
    - Reveal-SDK

EXTERNAL SOURCES:
  LCActionSheet:
    :path: "../"

SPEC CHECKSUMS:
  LCActionSheet: 132986ce44ff5f894cccfa828eb38d0b71a22460
  Masonry: 678fab65091a9290e40e2832a55e7ab731aad201
  Reveal-SDK: 43206a57f575632fd304e85385cc259b5d359e32

PODFILE CHECKSUM: d5d4432e334f95cf251a2e4408f8a5fa02b3e2a8

COCOAPODS: 1.6.0
